// !$*UTF8*$!
{
	archiveVersion = 1;
	classes = {
	};
	objectVersion = 50;
	objects = {

/* Begin PBXBuildFile section */
		6A864F2226BDE99100E00F56 /* TextViews.swift in Sources */ = {isa = PBXBuildFile; fileRef = 6A864F2126BDE99100E00F56 /* TextViews.swift */; };
		6A864F2426BE029600E00F56 /* Shapes.swift in Sources */ = {isa = PBXBuildFile; fileRef = 6A864F2326BE029600E00F56 /* Shapes.swift */; };
		6A864F2626BE33B900E00F56 /* RoundedViews.swift in Sources */ = {isa = PBXBuildFile; fileRef = 6A864F2526BE33B900E00F56 /* RoundedViews.swift */; };
		6A864F2826BE4C4400E00F56 /* BackgroundView.swift in Sources */ = {isa = PBXBuildFile; fileRef = 6A864F2726BE4C4400E00F56 /* BackgroundView.swift */; };
		6C6297CF26A8CF5100829B68 /* Game.swift in Sources */ = {isa = PBXBuildFile; fileRef = 6C6297CE26A8CF5100829B68 /* Game.swift */; };
		6C6297D726A8DAEE00829B68 /* BullseyeTests.swift in Sources */ = {isa = PBXBuildFile; fileRef = 6C6297D626A8DAEE00829B68 /* BullseyeTests.swift */; };
		6CE1118326A16693006181C5 /* BullseyeApp.swift in Sources */ = {isa = PBXBuildFile; fileRef = 6CE1118226A16693006181C5 /* BullseyeApp.swift */; };
		6CE1118526A16693006181C5 /* ContentView.swift in Sources */ = {isa = PBXBuildFile; fileRef = 6CE1118426A16693006181C5 /* ContentView.swift */; };
		6CE1118726A16697006181C5 /* Assets.xcassets in Resources */ = {isa = PBXBuildFile; fileRef = 6CE1118626A16697006181C5 /* Assets.xcassets */; };
		6CE1118A26A16697006181C5 /* Preview Assets.xcassets in Resources */ = {isa = PBXBuildFile; fileRef = 6CE1118926A16697006181C5 /* Preview Assets.xcassets */; };
/* End PBXBuildFile section */

/* Begin PBXContainerItemProxy section */
		6C6297D926A8DAEE00829B68 /* PBXContainerItemProxy */ = {
			isa = PBXContainerItemProxy;
			containerPortal = 6CE1117726A16693006181C5 /* Project object */;
			proxyType = 1;
			remoteGlobalIDString = 6CE1117E26A16693006181C5;
			remoteInfo = Bullseye;
		};
/* End PBXContainerItemProxy section */

/* Begin PBXFileReference section */
		6A864F2126BDE99100E00F56 /* TextViews.swift */ = {isa = PBXFileReference; lastKnownFileType = sourcecode.swift; path = TextViews.swift; sourceTree = "<group>"; };
		6A864F2326BE029600E00F56 /* Shapes.swift */ = {isa = PBXFileReference; lastKnownFileType = sourcecode.swift; path = Shapes.swift; sourceTree = "<group>"; };
		6A864F2526BE33B900E00F56 /* RoundedViews.swift */ = {isa = PBXFileReference; lastKnownFileType = sourcecode.swift; path = RoundedViews.swift; sourceTree = "<group>"; };
		6A864F2726BE4C4400E00F56 /* BackgroundView.swift */ = {isa = PBXFileReference; lastKnownFileType = sourcecode.swift; path = BackgroundView.swift; sourceTree = "<group>"; };
		6C6297CE26A8CF5100829B68 /* Game.swift */ = {isa = PBXFileReference; lastKnownFileType = sourcecode.swift; path = Game.swift; sourceTree = "<group>"; };
		6C6297D426A8DAEE00829B68 /* BullseyeTests.xctest */ = {isa = PBXFileReference; explicitFileType = wrapper.cfbundle; includeInIndex = 0; path = BullseyeTests.xctest; sourceTree = BUILT_PRODUCTS_DIR; };
		6C6297D626A8DAEE00829B68 /* BullseyeTests.swift */ = {isa = PBXFileReference; lastKnownFileType = sourcecode.swift; path = BullseyeTests.swift; sourceTree = "<group>"; };
		6C6297D826A8DAEE00829B68 /* Info.plist */ = {isa = PBXFileReference; lastKnownFileType = text.plist.xml; path = Info.plist; sourceTree = "<group>"; };
		6CE1117F26A16693006181C5 /* Bullseye.app */ = {isa = PBXFileReference; explicitFileType = wrapper.application; includeInIndex = 0; path = Bullseye.app; sourceTree = BUILT_PRODUCTS_DIR; };
		6CE1118226A16693006181C5 /* BullseyeApp.swift */ = {isa = PBXFileReference; lastKnownFileType = sourcecode.swift; path = BullseyeApp.swift; sourceTree = "<group>"; };
		6CE1118426A16693006181C5 /* ContentView.swift */ = {isa = PBXFileReference; lastKnownFileType = sourcecode.swift; path = ContentView.swift; sourceTree = "<group>"; };
		6CE1118626A16697006181C5 /* Assets.xcassets */ = {isa = PBXFileReference; lastKnownFileType = folder.assetcatalog; path = Assets.xcassets; sourceTree = "<group>"; };
		6CE1118926A16697006181C5 /* Preview Assets.xcassets */ = {isa = PBXFileReference; lastKnownFileType = folder.assetcatalog; path = "Preview Assets.xcassets"; sourceTree = "<group>"; };
		6CE1118B26A16697006181C5 /* Info.plist */ = {isa = PBXFileReference; lastKnownFileType = text.plist.xml; path = Info.plist; sourceTree = "<group>"; };
/* End PBXFileReference section */

/* Begin PBXFrameworksBuildPhase section */
		6C6297D126A8DAEE00829B68 /* Frameworks */ = {
			isa = PBXFrameworksBuildPhase;
			buildActionMask = 2147483647;
			files = (
			);
			runOnlyForDeploymentPostprocessing = 0;
		};
		6CE1117C26A16693006181C5 /* Frameworks */ = {
			isa = PBXFrameworksBuildPhase;
			buildActionMask = 2147483647;
			files = (
			);
			runOnlyForDeploymentPostprocessing = 0;
		};
/* End PBXFrameworksBuildPhase section */

/* Begin PBXGroup section */
		6C6297CA26A8CE9900829B68 /* Models */ = {
			isa = PBXGroup;
			children = (
				6C6297CE26A8CF5100829B68 /* Game.swift */,
			);
			path = Models;
			sourceTree = "<group>";
		};
		6C6297CC26A8CED400829B68 /* Views */ = {
			isa = PBXGroup;
			children = (
				6CE1118426A16693006181C5 /* ContentView.swift */,
				6A864F2126BDE99100E00F56 /* TextViews.swift */,
				6A864F2326BE029600E00F56 /* Shapes.swift */,
				6A864F2526BE33B900E00F56 /* RoundedViews.swift */,
				6A864F2726BE4C4400E00F56 /* BackgroundView.swift */,
			);
			path = Views;
			sourceTree = "<group>";
		};
		6C6297CD26A8CEF100829B68 /* App */ = {
			isa = PBXGroup;
			children = (
				6CE1118B26A16697006181C5 /* Info.plist */,
				6CE1118626A16697006181C5 /* Assets.xcassets */,
				6CE1118226A16693006181C5 /* BullseyeApp.swift */,
			);
			path = App;
			sourceTree = "<group>";
		};
		6C6297D526A8DAEE00829B68 /* BullseyeTests */ = {
			isa = PBXGroup;
			children = (
				6C6297D626A8DAEE00829B68 /* BullseyeTests.swift */,
				6C6297D826A8DAEE00829B68 /* Info.plist */,
			);
			path = BullseyeTests;
			sourceTree = "<group>";
		};
		6CE1117626A16693006181C5 = {
			isa = PBXGroup;
			children = (
				6CE1118126A16693006181C5 /* Bullseye */,
				6C6297D526A8DAEE00829B68 /* BullseyeTests */,
				6CE1118026A16693006181C5 /* Products */,
			);
			sourceTree = "<group>";
		};
		6CE1118026A16693006181C5 /* Products */ = {
			isa = PBXGroup;
			children = (
				6CE1117F26A16693006181C5 /* Bullseye.app */,
				6C6297D426A8DAEE00829B68 /* BullseyeTests.xctest */,
			);
			name = Products;
			sourceTree = "<group>";
		};
		6CE1118126A16693006181C5 /* Bullseye */ = {
			isa = PBXGroup;
			children = (
				6C6297CD26A8CEF100829B68 /* App */,
				6C6297CC26A8CED400829B68 /* Views */,
				6C6297CA26A8CE9900829B68 /* Models */,
				6CE1118826A16697006181C5 /* Preview Content */,
			);
			path = Bullseye;
			sourceTree = "<group>";
		};
		6CE1118826A16697006181C5 /* Preview Content */ = {
			isa = PBXGroup;
			children = (
				6CE1118926A16697006181C5 /* Preview Assets.xcassets */,
			);
			path = "Preview Content";
			sourceTree = "<group>";
		};
/* End PBXGroup section */

/* Begin PBXNativeTarget section */
		6C6297D326A8DAEE00829B68 /* BullseyeTests */ = {
			isa = PBXNativeTarget;
			buildConfigurationList = 6C6297DB26A8DAEE00829B68 /* Build configuration list for PBXNativeTarget "BullseyeTests" */;
			buildPhases = (
				6C6297D026A8DAEE00829B68 /* Sources */,
				6C6297D126A8DAEE00829B68 /* Frameworks */,
				6C6297D226A8DAEE00829B68 /* Resources */,
			);
			buildRules = (
			);
			dependencies = (
				6C6297DA26A8DAEE00829B68 /* PBXTargetDependency */,
			);
			name = BullseyeTests;
			productName = BullseyeTests;
			productReference = 6C6297D426A8DAEE00829B68 /* BullseyeTests.xctest */;
			productType = "com.apple.product-type.bundle.unit-test";
		};
		6CE1117E26A16693006181C5 /* Bullseye */ = {
			isa = PBXNativeTarget;
			buildConfigurationList = 6CE1118E26A16697006181C5 /* Build configuration list for PBXNativeTarget "Bullseye" */;
			buildPhases = (
				6CE1117B26A16693006181C5 /* Sources */,
				6CE1117C26A16693006181C5 /* Frameworks */,
				6CE1117D26A16693006181C5 /* Resources */,
			);
			buildRules = (
			);
			dependencies = (
			);
			name = Bullseye;
			productName = Bullseye;
			productReference = 6CE1117F26A16693006181C5 /* Bullseye.app */;
			productType = "com.apple.product-type.application";
		};
/* End PBXNativeTarget section */

/* Begin PBXProject section */
		6CE1117726A16693006181C5 /* Project object */ = {
			isa = PBXProject;
			attributes = {
				LastSwiftUpdateCheck = 1250;
				LastUpgradeCheck = 1250;
				TargetAttributes = {
					6C6297D326A8DAEE00829B68 = {
						CreatedOnToolsVersion = 12.5.1;
						TestTargetID = 6CE1117E26A16693006181C5;
					};
					6CE1117E26A16693006181C5 = {
						CreatedOnToolsVersion = 12.5.1;
					};
				};
			};
			buildConfigurationList = 6CE1117A26A16693006181C5 /* Build configuration list for PBXProject "Bullseye" */;
			compatibilityVersion = "Xcode 9.3";
			developmentRegion = en;
			hasScannedForEncodings = 0;
			knownRegions = (
				en,
				Base,
			);
			mainGroup = 6CE1117626A16693006181C5;
			productRefGroup = 6CE1118026A16693006181C5 /* Products */;
			projectDirPath = "";
			projectRoot = "";
			targets = (
				6CE1117E26A16693006181C5 /* Bullseye */,
				6C6297D326A8DAEE00829B68 /* BullseyeTests */,
			);
		};
/* End PBXProject section */

/* Begin PBXResourcesBuildPhase section */
		6C6297D226A8DAEE00829B68 /* Resources */ = {
			isa = PBXResourcesBuildPhase;
			buildActionMask = 2147483647;
			files = (
			);
			runOnlyForDeploymentPostprocessing = 0;
		};
		6CE1117D26A16693006181C5 /* Resources */ = {
			isa = PBXResourcesBuildPhase;
			buildActionMask = 2147483647;
			files = (
				6CE1118A26A16697006181C5 /* Preview Assets.xcassets in Resources */,
				6CE1118726A16697006181C5 /* Assets.xcassets in Resources */,
			);
			runOnlyForDeploymentPostprocessing = 0;
		};
/* End PBXResourcesBuildPhase section */

/* Begin PBXSourcesBuildPhase section */
		6C6297D026A8DAEE00829B68 /* Sources */ = {
			isa = PBXSourcesBuildPhase;
			buildActionMask = 2147483647;
			files = (
				6C6297D726A8DAEE00829B68 /* BullseyeTests.swift in Sources */,
			);
			runOnlyForDeploymentPostprocessing = 0;
		};
		6CE1117B26A16693006181C5 /* Sources */ = {
			isa = PBXSourcesBuildPhase;
			buildActionMask = 2147483647;
			files = (
				6A864F2626BE33B900E00F56 /* RoundedViews.swift in Sources */,
				6CE1118526A16693006181C5 /* ContentView.swift in Sources */,
				6A864F2226BDE99100E00F56 /* TextViews.swift in Sources */,
				6A864F2826BE4C4400E00F56 /* BackgroundView.swift in Sources */,
				6A864F2426BE029600E00F56 /* Shapes.swift in Sources */,
				6C6297CF26A8CF5100829B68 /* Game.swift in Sources */,
				6CE1118326A16693006181C5 /* BullseyeApp.swift in Sources */,
			);
			runOnlyForDeploymentPostprocessing = 0;
		};
/* End PBXSourcesBuildPhase section */

/* Begin PBXTargetDependency section */
		6C6297DA26A8DAEE00829B68 /* PBXTargetDependency */ = {
			isa = PBXTargetDependency;
			target = 6CE1117E26A16693006181C5 /* Bullseye */;
			targetProxy = 6C6297D926A8DAEE00829B68 /* PBXContainerItemProxy */;
		};
/* End PBXTargetDependency section */

/* Begin XCBuildConfiguration section */
		6C6297DC26A8DAEE00829B68 /* Debug */ = {
			isa = XCBuildConfiguration;
			buildSettings = {
				BUNDLE_LOADER = "$(TEST_HOST)";
				CODE_SIGN_STYLE = Automatic;
				DEVELOPMENT_TEAM = S7229RA23Y;
				INFOPLIST_FILE = BullseyeTests/Info.plist;
				LD_RUNPATH_SEARCH_PATHS = (
					"$(inherited)",
					"@executable_path/Frameworks",
					"@loader_path/Frameworks",
				);
				PRODUCT_BUNDLE_IDENTIFIER = com.yruariley.BullseyeTests;
				PRODUCT_NAME = "$(TARGET_NAME)";
				SWIFT_VERSION = 5.0;
				TARGETED_DEVICE_FAMILY = "1,2";
				TEST_HOST = "$(BUILT_PRODUCTS_DIR)/Bullseye.app/Bullseye";
			};
			name = Debug;
		};
		6C6297DD26A8DAEE00829B68 /* Release */ = {
			isa = XCBuildConfiguration;
			buildSettings = {
				BUNDLE_LOADER = "$(TEST_HOST)";
				CODE_SIGN_STYLE = Automatic;
				DEVELOPMENT_TEAM = S7229RA23Y;
				INFOPLIST_FILE = BullseyeTests/Info.plist;
				LD_RUNPATH_SEARCH_PATHS = (
					"$(inherited)",
					"@executable_path/Frameworks",
					"@loader_path/Frameworks",
				);
				PRODUCT_BUNDLE_IDENTIFIER = com.yruariley.BullseyeTests;
				PRODUCT_NAME = "$(TARGET_NAME)";
				SWIFT_VERSION = 5.0;
				TARGETED_DEVICE_FAMILY = "1,2";
				TEST_HOST = "$(BUILT_PRODUCTS_DIR)/Bullseye.app/Bullseye";
			};
			name = Release;
		};
		6CE1118C26A16697006181C5 /* Debug */ = {
			isa = XCBuildConfiguration;
			buildSettings = {
				ALWAYS_SEARCH_USER_PATHS = NO;
				CLANG_ANALYZER_NONNULL = YES;
				CLANG_ANALYZER_NUMBER_OBJECT_CONVERSION = YES_AGGRESSIVE;
				CLANG_CXX_LANGUAGE_STANDARD = "gnu++14";
				CLANG_CXX_LIBRARY = "libc++";
				CLANG_ENABLE_MODULES = YES;
				CLANG_ENABLE_OBJC_ARC = YES;
				CLANG_ENABLE_OBJC_WEAK = YES;
				CLANG_WARN_BLOCK_CAPTURE_AUTORELEASING = YES;
				CLANG_WARN_BOOL_CONVERSION = YES;
				CLANG_WARN_COMMA = YES;
				CLANG_WARN_CONSTANT_CONVERSION = YES;
				CLANG_WARN_DEPRECATED_OBJC_IMPLEMENTATIONS = YES;
				CLANG_WARN_DIRECT_OBJC_ISA_USAGE = YES_ERROR;
				CLANG_WARN_DOCUMENTATION_COMMENTS = YES;
				CLANG_WARN_EMPTY_BODY = YES;
				CLANG_WARN_ENUM_CONVERSION = YES;
				CLANG_WARN_INFINITE_RECURSION = YES;
				CLANG_WARN_INT_CONVERSION = YES;
				CLANG_WARN_NON_LITERAL_NULL_CONVERSION = YES;
				CLANG_WARN_OBJC_IMPLICIT_RETAIN_SELF = YES;
				CLANG_WARN_OBJC_LITERAL_CONVERSION = YES;
				CLANG_WARN_OBJC_ROOT_CLASS = YES_ERROR;
				CLANG_WARN_QUOTED_INCLUDE_IN_FRAMEWORK_HEADER = YES;
				CLANG_WARN_RANGE_LOOP_ANALYSIS = YES;
				CLANG_WARN_STRICT_PROTOTYPES = YES;
				CLANG_WARN_SUSPICIOUS_MOVE = YES;
				CLANG_WARN_UNGUARDED_AVAILABILITY = YES_AGGRESSIVE;
				CLANG_WARN_UNREACHABLE_CODE = YES;
				CLANG_WARN__DUPLICATE_METHOD_MATCH = YES;
				COPY_PHASE_STRIP = NO;
				DEBUG_INFORMATION_FORMAT = dwarf;
				ENABLE_STRICT_OBJC_MSGSEND = YES;
				ENABLE_TESTABILITY = YES;
				GCC_C_LANGUAGE_STANDARD = gnu11;
				GCC_DYNAMIC_NO_PIC = NO;
				GCC_NO_COMMON_BLOCKS = YES;
				GCC_OPTIMIZATION_LEVEL = 0;
				GCC_PREPROCESSOR_DEFINITIONS = (
					"DEBUG=1",
					"$(inherited)",
				);
				GCC_WARN_64_TO_32_BIT_CONVERSION = YES;
				GCC_WARN_ABOUT_RETURN_TYPE = YES_ERROR;
				GCC_WARN_UNDECLARED_SELECTOR = YES;
				GCC_WARN_UNINITIALIZED_AUTOS = YES_AGGRESSIVE;
				GCC_WARN_UNUSED_FUNCTION = YES;
				GCC_WARN_UNUSED_VARIABLE = YES;
				IPHONEOS_DEPLOYMENT_TARGET = 14.5;
				MTL_ENABLE_DEBUG_INFO = INCLUDE_SOURCE;
				MTL_FAST_MATH = YES;
				ONLY_ACTIVE_ARCH = YES;
				SDKROOT = iphoneos;
				SWIFT_ACTIVE_COMPILATION_CONDITIONS = DEBUG;
				SWIFT_OPTIMIZATION_LEVEL = "-Onone";
			};
			name = Debug;
		};
		6CE1118D26A16697006181C5 /* Release */ = {
			isa = XCBuildConfiguration;
			buildSettings = {
				ALWAYS_SEARCH_USER_PATHS = NO;
				CLANG_ANALYZER_NONNULL = YES;
				CLANG_ANALYZER_NUMBER_OBJECT_CONVERSION = YES_AGGRESSIVE;
				CLANG_CXX_LANGUAGE_STANDARD = "gnu++14";
				CLANG_CXX_LIBRARY = "libc++";
				CLANG_ENABLE_MODULES = YES;
				CLANG_ENABLE_OBJC_ARC = YES;
				CLANG_ENABLE_OBJC_WEAK = YES;
				CLANG_WARN_BLOCK_CAPTURE_AUTORELEASING = YES;
				CLANG_WARN_BOOL_CONVERSION = YES;
				CLANG_WARN_COMMA = YES;
				CLANG_WARN_CONSTANT_CONVERSION = YES;
				CLANG_WARN_DEPRECATED_OBJC_IMPLEMENTATIONS = YES;
				CLANG_WARN_DIRECT_OBJC_ISA_USAGE = YES_ERROR;
				CLANG_WARN_DOCUMENTATION_COMMENTS = YES;
				CLANG_WARN_EMPTY_BODY = YES;
				CLANG_WARN_ENUM_CONVERSION = YES;
				CLANG_WARN_INFINITE_RECURSION = YES;
				CLANG_WARN_INT_CONVERSION = YES;
				CLANG_WARN_NON_LITERAL_NULL_CONVERSION = YES;
				CLANG_WARN_OBJC_IMPLICIT_RETAIN_SELF = YES;
				CLANG_WARN_OBJC_LITERAL_CONVERSION = YES;
				CLANG_WARN_OBJC_ROOT_CLASS = YES_ERROR;
				CLANG_WARN_QUOTED_INCLUDE_IN_FRAMEWORK_HEADER = YES;
				CLANG_WARN_RANGE_LOOP_ANALYSIS = YES;
				CLANG_WARN_STRICT_PROTOTYPES = YES;
				CLANG_WARN_SUSPICIOUS_MOVE = YES;
				CLANG_WARN_UNGUARDED_AVAILABILITY = YES_AGGRESSIVE;
				CLANG_WARN_UNREACHABLE_CODE = YES;
				CLANG_WARN__DUPLICATE_METHOD_MATCH = YES;
				COPY_PHASE_STRIP = NO;
				DEBUG_INFORMATION_FORMAT = "dwarf-with-dsym";
				ENABLE_NS_ASSERTIONS = NO;
				ENABLE_STRICT_OBJC_MSGSEND = YES;
				GCC_C_LANGUAGE_STANDARD = gnu11;
				GCC_NO_COMMON_BLOCKS = YES;
				GCC_WARN_64_TO_32_BIT_CONVERSION = YES;
				GCC_WARN_ABOUT_RETURN_TYPE = YES_ERROR;
				GCC_WARN_UNDECLARED_SELECTOR = YES;
				GCC_WARN_UNINITIALIZED_AUTOS = YES_AGGRESSIVE;
				GCC_WARN_UNUSED_FUNCTION = YES;
				GCC_WARN_UNUSED_VARIABLE = YES;
				IPHONEOS_DEPLOYMENT_TARGET = 14.5;
				MTL_ENABLE_DEBUG_INFO = NO;
				MTL_FAST_MATH = YES;
				SDKROOT = iphoneos;
				SWIFT_COMPILATION_MODE = wholemodule;
				SWIFT_OPTIMIZATION_LEVEL = "-O";
				VALIDATE_PRODUCT = YES;
			};
			name = Release;
		};
		6CE1118F26A16697006181C5 /* Debug */ = {
			isa = XCBuildConfiguration;
			buildSettings = {
				ASSETCATALOG_COMPILER_APPICON_NAME = AppIcon;
				ASSETCATALOG_COMPILER_GLOBAL_ACCENT_COLOR_NAME = AccentColor;
				CODE_SIGN_STYLE = Automatic;
				DEVELOPMENT_ASSET_PATHS = "\"Bullseye/Preview Content\"";
				DEVELOPMENT_TEAM = S7229RA23Y;
				ENABLE_PREVIEWS = YES;
				INFOPLIST_FILE = Bullseye/App/Info.plist;
				IPHONEOS_DEPLOYMENT_TARGET = 14.0;
				LD_RUNPATH_SEARCH_PATHS = (
					"$(inherited)",
					"@executable_path/Frameworks",
				);
				PRODUCT_BUNDLE_IDENTIFIER = com.yruariley.Bullseye;
				PRODUCT_NAME = "$(TARGET_NAME)";
				SWIFT_VERSION = 5.0;
				TARGETED_DEVICE_FAMILY = "1,2";
			};
			name = Debug;
		};
		6CE1119026A16697006181C5 /* Release */ = {
			isa = XCBuildConfiguration;
			buildSettings = {
				ASSETCATALOG_COMPILER_APPICON_NAME = AppIcon;
				ASSETCATALOG_COMPILER_GLOBAL_ACCENT_COLOR_NAME = AccentColor;
				CODE_SIGN_STYLE = Automatic;
				DEVELOPMENT_ASSET_PATHS = "\"Bullseye/Preview Content\"";
				DEVELOPMENT_TEAM = S7229RA23Y;
				ENABLE_PREVIEWS = YES;
				INFOPLIST_FILE = Bullseye/App/Info.plist;
				IPHONEOS_DEPLOYMENT_TARGET = 14.0;
				LD_RUNPATH_SEARCH_PATHS = (
					"$(inherited)",
					"@executable_path/Frameworks",
				);
				PRODUCT_BUNDLE_IDENTIFIER = com.yruariley.Bullseye;
				PRODUCT_NAME = "$(TARGET_NAME)";
				SWIFT_VERSION = 5.0;
				TARGETED_DEVICE_FAMILY = "1,2";
			};
			name = Release;
		};
/* End XCBuildConfiguration section */

/* Begin XCConfigurationList section */
		6C6297DB26A8DAEE00829B68 /* Build configuration list for PBXNativeTarget "BullseyeTests" */ = {
			isa = XCConfigurationList;
			buildConfigurations = (
				6C6297DC26A8DAEE00829B68 /* Debug */,
				6C6297DD26A8DAEE00829B68 /* Release */,
			);
			defaultConfigurationIsVisible = 0;
			defaultConfigurationName = Release;
		};
		6CE1117A26A16693006181C5 /* Build configuration list for PBXProject "Bullseye" */ = {
			isa = XCConfigurationList;
			buildConfigurations = (
				6CE1118C26A16697006181C5 /* Debug */,
				6CE1118D26A16697006181C5 /* Release */,
			);
			defaultConfigurationIsVisible = 0;
			defaultConfigurationName = Release;
		};
		6CE1118E26A16697006181C5 /* Build configuration list for PBXNativeTarget "Bullseye" */ = {
			isa = XCConfigurationList;
			buildConfigurations = (
				6CE1118F26A16697006181C5 /* Debug */,
				6CE1119026A16697006181C5 /* Release */,
			);
			defaultConfigurationIsVisible = 0;
			defaultConfigurationName = Release;
		};
/* End XCConfigurationList section */
	};
	rootObject = 6CE1117726A16693006181C5 /* Project object */;
}
